
Microsoft Visual Studio Solution File, Format Version 12.00
# Visual Studio Version 16
VisualStudioVersion = 16.0.30907.101
MinimumVisualStudioVersion = 10.0.40219.1
Project("{FAE04EC0-301F-11D3-BF4B-00C04F79EFBC}") = "DealCompanyNew", "DealCompanyNew\DealCompanyNew.csproj", "{EB9C6C0F-260A-486A-B0BB-3B1BAADC9DE6}"
EndProject
Global
	GlobalSection(SolutionConfigurationPlatforms) = preSolution
		Debug|Any CPU = Debug|Any CPU
		Release|Any CPU = Release|Any CPU
	EndGlobalSection
	GlobalSection(ProjectConfigurationPlatforms) = postSolution
		{EB9C6C0F-260A-486A-B0BB-3B1BAADC9DE6}.Debug|Any CPU.ActiveCfg = Debug|Any CPU
		{EB9C6C0F-260A-486A-B0BB-3B1BAADC9DE6}.Debug|Any CPU.Build.0 = Debug|Any CPU
		{EB9C6C0F-260A-486A-B0BB-3B1BAADC9DE6}.Release|Any CPU.ActiveCfg = Release|Any CPU
		{EB9C6C0F-260A-486A-B0BB-3B1BAADC9DE6}.Release|Any CPU.Build.0 = Release|Any CPU
	EndGlobalSection
	GlobalSection(SolutionProperties) = preSolution
		HideSolutionNode = FALSE
	EndGlobalSection
	GlobalSection(ExtensibilityGlobals) = postSolution
		SolutionGuid = {14AAF2A4-4D3B-4A98-88B9-2C338F81FA75}
	EndGlobalSection
EndGlobal
